
Microsoft Visual Studio Solution File, Format Version 12.00
# Visual Studio Version 17
VisualStudioVersion = 17.10.35013.160
MinimumVisualStudioVersion = 10.0.40219.1
Project("{FAE04EC0-301F-11D3-BF4B-00C04F79EFBC}") = "Baba1", "Baba1.csproj", "{2050CA62-39FF-437E-B8C6-4A3C80AB4732}"
EndProject
Global
	GlobalSection(SolutionConfigurationPlatforms) = preSolution
		Debug|Any CPU = Debug|Any CPU
		Release|Any CPU = Release|Any CPU
	EndGlobalSection
	GlobalSection(ProjectConfigurationPlatforms) = postSolution
		{2050CA62-39FF-437E-B8C6-4A3C80AB4732}.Debug|Any CPU.ActiveCfg = Debug|Any CPU
		{2050CA62-39FF-437E-B8C6-4A3C80AB4732}.Debug|Any CPU.Build.0 = Debug|Any CPU
		{2050CA62-39FF-437E-B8C6-4A3C80AB4732}.Release|Any CPU.ActiveCfg = Release|Any CPU
		{2050CA62-39FF-437E-B8C6-4A3C80AB4732}.Release|Any CPU.Build.0 = Release|Any CPU
	EndGlobalSection
	GlobalSection(SolutionProperties) = preSolution
		HideSolutionNode = FALSE
	EndGlobalSection
	GlobalSection(ExtensibilityGlobals) = postSolution
		SolutionGuid = {FF236319-70D2-497A-B82F-FB3EC88D502A}
	EndGlobalSection
EndGlobal
